
Microsoft Visual Studio Solution File, Format Version 12.00
# Visual Studio Version 17
VisualStudioVersion = 17.11.35222.181
MinimumVisualStudioVersion = 10.0.40219.1
Project("{9A19103F-16F7-4668-BE54-9A1E7A4F7556}") = "BulletinBoard.Infrastructure", "BulletinBoard.Infrastructure\BulletinBoard.Infrastructure.csproj", "{5A75017A-9870-4AD3-9CCB-88967EDC6048}"
EndProject
Project("{9A19103F-16F7-4668-BE54-9A1E7A4F7556}") = "BulletinBoard.Core", "BulletinBoard.Core\BulletinBoard.Core.csproj", "{13F3383C-41A9-4EB4-AC01-A2D569E2D01C}"
EndProject
Project("{2150E333-8FDC-42A3-9474-1A3956D46DE8}") = "Solution Items", "Solution Items", "{79C68196-2357-403F-B3AE-3CFDC9B324EE}"
	ProjectSection(SolutionItems) = preProject
		InitDb.sql = InitDb.sql
		StoredProcedures.sql = StoredProcedures.sql
	EndProjectSection
EndProject
Project("{FAE04EC0-301F-11D3-BF4B-00C04F79EFBC}") = "BulletinBoard.Api", "BulletinBoard.Api\BulletinBoard.Api.csproj", "{59562D90-A5D0-48A7-B8DA-B3998E5A0AA2}"
EndProject
Global
	GlobalSection(SolutionConfigurationPlatforms) = preSolution
		Debug|Any CPU = Debug|Any CPU
		Release|Any CPU = Release|Any CPU
	EndGlobalSection
	GlobalSection(ProjectConfigurationPlatforms) = postSolution
		{5A75017A-9870-4AD3-9CCB-88967EDC6048}.Debug|Any CPU.ActiveCfg = Debug|Any CPU
		{5A75017A-9870-4AD3-9CCB-88967EDC6048}.Debug|Any CPU.Build.0 = Debug|Any CPU
		{5A75017A-9870-4AD3-9CCB-88967EDC6048}.Release|Any CPU.ActiveCfg = Release|Any CPU
		{5A75017A-9870-4AD3-9CCB-88967EDC6048}.Release|Any CPU.Build.0 = Release|Any CPU
		{13F3383C-41A9-4EB4-AC01-A2D569E2D01C}.Debug|Any CPU.ActiveCfg = Debug|Any CPU
		{13F3383C-41A9-4EB4-AC01-A2D569E2D01C}.Debug|Any CPU.Build.0 = Debug|Any CPU
		{13F3383C-41A9-4EB4-AC01-A2D569E2D01C}.Release|Any CPU.ActiveCfg = Release|Any CPU
		{13F3383C-41A9-4EB4-AC01-A2D569E2D01C}.Release|Any CPU.Build.0 = Release|Any CPU
		{59562D90-A5D0-48A7-B8DA-B3998E5A0AA2}.Debug|Any CPU.ActiveCfg = Debug|Any CPU
		{59562D90-A5D0-48A7-B8DA-B3998E5A0AA2}.Debug|Any CPU.Build.0 = Debug|Any CPU
		{59562D90-A5D0-48A7-B8DA-B3998E5A0AA2}.Release|Any CPU.ActiveCfg = Release|Any CPU
		{59562D90-A5D0-48A7-B8DA-B3998E5A0AA2}.Release|Any CPU.Build.0 = Release|Any CPU
	EndGlobalSection
	GlobalSection(SolutionProperties) = preSolution
		HideSolutionNode = FALSE
	EndGlobalSection
	GlobalSection(ExtensibilityGlobals) = postSolution
		SolutionGuid = {8E5CA6DC-6781-4F49-9D2D-5916F8AE384E}
	EndGlobalSection
EndGlobal
